{
  "version": 4,
  "terraform_version": "1.13.3",
  "serial": 17,
  "lineage": "98f018e5-f1d1-485a-b053-7f61d9ea160f",
  "outputs": {
    "bucket_arn": {
      "value": "arn:aws:s3:::creator-dev-682919447506",
      "type": "string"
    },
    "bucket_name": {
      "value": "creator-dev-682919447506",
      "type": "string"
    }
  },
  "resources": [
    {
      "mode": "managed",
      "type": "aws_iam_instance_profile",
      "name": "app_profile",
      "provider": "provider[\"registry.terraform.io/hashicorp/aws\"]",
      "instances": [
        {
          "schema_version": 0,
          "attributes": {
            "arn": "arn:aws:iam::682919447506:instance-profile/creator-dev-app-profile",
            "create_date": "2025-09-24T20:10:54Z",
            "id": "creator-dev-app-profile",
            "name": "creator-dev-app-profile",
            "name_prefix": "",
            "path": "/",
            "role": "creator-dev-app-role",
            "tags": null,
            "tags_all": {},
            "unique_id": "AIPAZ6AJLZPJD5TC53XY3"
          },
          "sensitive_attributes": [],
          "identity_schema_version": 0,
          "private": "bnVsbA==",
          "dependencies": [
            "aws_iam_role.app_role"
          ]
        }
      ]
    },
    {
      "mode": "managed",
      "type": "aws_iam_policy",
      "name": "s3_media_full",
      "provider": "provider[\"registry.terraform.io/hashicorp/aws\"]",
      "instances": [
        {
          "schema_version": 0,
          "attributes": {
            "arn": "arn:aws:iam::682919447506:policy/creator-dev-s3-media-policy",
            "attachment_count": 0,
            "description": "Full access to creator-dev-682919447506 (with KMS if enabled)",
            "id": "arn:aws:iam::682919447506:policy/creator-dev-s3-media-policy",
            "name": "creator-dev-s3-media-policy",
            "name_prefix": "",
            "path": "/",
            "policy": "{\"Statement\":[{\"Action\":[\"s3:ListBucket\",\"s3:GetBucketLocation\",\"s3:ListBucketVersions\"],\"Effect\":\"Allow\",\"Resource\":\"arn:aws:s3:::creator-dev-682919447506\"},{\"Action\":[\"s3:GetObject\",\"s3:PutObject\",\"s3:DeleteObject\",\"s3:GetObjectVersion\",\"s3:DeleteObjectVersion\",\"s3:PutObjectAcl\",\"s3:GetObjectAcl\"],\"Effect\":\"Allow\",\"Resource\":\"arn:aws:s3:::creator-dev-682919447506/*\"},{\"Action\":[\"kms:Encrypt\",\"kms:Decrypt\",\"kms:ReEncrypt*\",\"kms:GenerateDataKey*\",\"kms:DescribeKey\"],\"Condition\":{\"StringEquals\":{\"kms:ViaService\":\"s3.eu-west-3.amazonaws.com\"}},\"Effect\":\"Allow\",\"Resource\":\"arn:aws:kms:eu-west-3:682919447506:key/a261b87e-fde0-4be8-85b5-b78147b920c5\"}],\"Version\":\"2012-10-17\"}",
            "policy_id": "ANPAZ6AJLZPJA4MOI44SH",
            "tags": null,
            "tags_all": {}
          },
          "sensitive_attributes": [],
          "identity_schema_version": 0,
          "identity": {
            "arn": "arn:aws:iam::682919447506:policy/creator-dev-s3-media-policy"
          },
          "private": "bnVsbA==",
          "dependencies": [
            "module.storage.aws_kms_key.s3",
            "module.storage.aws_s3_bucket.media",
            "module.storage.data.aws_caller_identity.current",
            "module.storage.data.aws_kms_alias.existing"
          ]
        }
      ]
    },
    {
      "mode": "managed",
      "type": "aws_iam_role",
      "name": "app_role",
      "provider": "provider[\"registry.terraform.io/hashicorp/aws\"]",
      "instances": [
        {
          "schema_version": 0,
          "attributes": {
            "arn": "arn:aws:iam::682919447506:role/creator-dev-app-role",
            "assume_role_policy": "{\"Statement\":[{\"Action\":\"sts:AssumeRole\",\"Effect\":\"Allow\",\"Principal\":{\"Service\":\"ec2.amazonaws.com\"}}],\"Version\":\"2012-10-17\"}",
            "create_date": "2025-09-24T20:10:53Z",
            "description": "",
            "force_detach_policies": false,
            "id": "creator-dev-app-role",
            "inline_policy": [],
            "managed_policy_arns": [],
            "max_session_duration": 3600,
            "name": "creator-dev-app-role",
            "name_prefix": "",
            "path": "/",
            "permissions_boundary": "",
            "tags": null,
            "tags_all": {},
            "unique_id": "AROAZ6AJLZPJMER6OBARN"
          },
          "sensitive_attributes": [],
          "identity_schema_version": 0,
          "identity": {
            "account_id": "682919447506",
            "name": "creator-dev-app-role"
          },
          "private": "bnVsbA=="
        }
      ]
    },
    {
      "mode": "managed",
      "type": "aws_iam_role_policy_attachment",
      "name": "s3_media_attach",
      "provider": "provider[\"registry.terraform.io/hashicorp/aws\"]",
      "instances": [
        {
          "schema_version": 0,
          "attributes": {
            "id": "creator-dev-app-role/arn:aws:iam::682919447506:policy/creator-dev-s3-media-policy",
            "policy_arn": "arn:aws:iam::682919447506:policy/creator-dev-s3-media-policy",
            "role": "creator-dev-app-role"
          },
          "sensitive_attributes": [],
          "identity_schema_version": 0,
          "identity": {
            "account_id": "682919447506",
            "policy_arn": "arn:aws:iam::682919447506:policy/creator-dev-s3-media-policy",
            "role": "creator-dev-app-role"
          },
          "private": "bnVsbA==",
          "dependencies": [
            "aws_iam_policy.s3_media_full",
            "aws_iam_role.app_role",
            "module.storage.aws_kms_key.s3",
            "module.storage.aws_s3_bucket.media",
            "module.storage.data.aws_caller_identity.current",
            "module.storage.data.aws_kms_alias.existing"
          ]
        }
      ]
    },
    {
      "module": "module.storage",
      "mode": "data",
      "type": "aws_caller_identity",
      "name": "current",
      "provider": "provider[\"registry.terraform.io/hashicorp/aws\"]",
      "instances": [
        {
          "schema_version": 0,
          "attributes": {
            "account_id": "682919447506",
            "arn": "arn:aws:iam::682919447506:user/terraform-user",
            "id": "682919447506",
            "user_id": "AIDAZ6AJLZPJP7OCJUQQ2"
          },
          "sensitive_attributes": [],
          "identity_schema_version": 0
        }
      ]
    },
    {
      "module": "module.storage",
      "mode": "managed",
      "type": "aws_kms_alias",
      "name": "s3",
      "provider": "provider[\"registry.terraform.io/hashicorp/aws\"]",
      "instances": [
        {
          "index_key": 0,
          "schema_version": 0,
          "attributes": {
            "arn": "arn:aws:kms:eu-west-3:682919447506:alias/creator-dev-s3",
            "id": "alias/creator-dev-s3",
            "name": "alias/creator-dev-s3",
            "name_prefix": "",
            "region": "eu-west-3",
            "target_key_arn": "arn:aws:kms:eu-west-3:682919447506:key/a261b87e-fde0-4be8-85b5-b78147b920c5",
            "target_key_id": "a261b87e-fde0-4be8-85b5-b78147b920c5"
          },
          "sensitive_attributes": [],
          "identity_schema_version": 0,
          "identity": {
            "account_id": "682919447506",
            "name": "alias/creator-dev-s3",
            "region": "eu-west-3"
          },
          "private": "bnVsbA==",
          "dependencies": [
            "module.storage.aws_kms_key.s3"
          ]
        }
      ]
    },
    {
      "module": "module.storage",
      "mode": "managed",
      "type": "aws_kms_key",
      "name": "s3",
      "provider": "provider[\"registry.terraform.io/hashicorp/aws\"]",
      "instances": [
        {
          "index_key": 0,
          "schema_version": 0,
          "attributes": {
            "arn": "arn:aws:kms:eu-west-3:682919447506:key/a261b87e-fde0-4be8-85b5-b78147b920c5",
            "bypass_policy_lockout_safety_check": false,
            "custom_key_store_id": "",
            "customer_master_key_spec": "SYMMETRIC_DEFAULT",
            "deletion_window_in_days": 7,
            "description": "KMS key for creator-dev S3 bucket",
            "enable_key_rotation": false,
            "id": "a261b87e-fde0-4be8-85b5-b78147b920c5",
            "is_enabled": true,
            "key_id": "a261b87e-fde0-4be8-85b5-b78147b920c5",
            "key_usage": "ENCRYPT_DECRYPT",
            "multi_region": false,
            "policy": "{\"Id\":\"key-default-1\",\"Statement\":[{\"Action\":\"kms:*\",\"Effect\":\"Allow\",\"Principal\":{\"AWS\":\"arn:aws:iam::682919447506:root\"},\"Resource\":\"*\",\"Sid\":\"Enable IAM User Permissions\"}],\"Version\":\"2012-10-17\"}",
            "region": "eu-west-3",
            "rotation_period_in_days": 0,
            "tags": {},
            "tags_all": {},
            "timeouts": null,
            "xks_key_id": ""
          },
          "sensitive_attributes": [],
          "identity_schema_version": 0,
          "identity": {
            "account_id": "682919447506",
            "id": "a261b87e-fde0-4be8-85b5-b78147b920c5",
            "region": "eu-west-3"
          },
          "private": "eyJlMmJmYjczMC1lY2FhLTExZTYtOGY4OC0zNDM2M2JjN2M0YzAiOnsiY3JlYXRlIjoxMjAwMDAwMDAwMDB9fQ=="
        }
      ]
    },
    {
      "module": "module.storage",
      "mode": "managed",
      "type": "aws_s3_bucket",
      "name": "media",
      "provider": "provider[\"registry.terraform.io/hashicorp/aws\"]",
      "instances": [
        {
          "schema_version": 0,
          "attributes": {
            "acceleration_status": "",
            "acl": null,
            "arn": "arn:aws:s3:::creator-dev-682919447506",
            "bucket": "creator-dev-682919447506",
            "bucket_domain_name": "creator-dev-682919447506.s3.amazonaws.com",
            "bucket_prefix": "",
            "bucket_region": "eu-west-3",
            "bucket_regional_domain_name": "creator-dev-682919447506.s3.eu-west-3.amazonaws.com",
            "cors_rule": [],
            "force_destroy": true,
            "grant": [
              {
                "id": "f56ee36830ef0b1825b3cc98475c35e3fb2e1f91b5c56f6ecf8163e97138264e",
                "permissions": [
                  "FULL_CONTROL"
                ],
                "type": "CanonicalUser",
                "uri": ""
              }
            ],
            "hosted_zone_id": "Z3R1K369G5AVDG",
            "id": "creator-dev-682919447506",
            "lifecycle_rule": [
              {
                "abort_incomplete_multipart_upload_days": 0,
                "enabled": true,
                "expiration": [],
                "id": "expire-old-versions",
                "noncurrent_version_expiration": [
                  {
                    "days": 30
                  }
                ],
                "noncurrent_version_transition": [],
                "prefix": "",
                "tags": {},
                "transition": []
              }
            ],
            "logging": [],
            "object_lock_configuration": [],
            "object_lock_enabled": false,
            "policy": "",
            "region": "eu-west-3",
            "replication_configuration": [],
            "request_payer": "BucketOwner",
            "server_side_encryption_configuration": [
              {
                "rule": [
                  {
                    "apply_server_side_encryption_by_default": [
                      {
                        "kms_master_key_id": "arn:aws:kms:eu-west-3:682919447506:key/a261b87e-fde0-4be8-85b5-b78147b920c5",
                        "sse_algorithm": "aws:kms"
                      }
                    ],
                    "bucket_key_enabled": false
                  }
                ]
              }
            ],
            "tags": {
              "Environment": "dev",
              "Name": "creator-dev-media"
            },
            "tags_all": {
              "Environment": "dev",
              "Name": "creator-dev-media"
            },
            "timeouts": null,
            "versioning": [
              {
                "enabled": true,
                "mfa_delete": false
              }
            ],
            "website": [],
            "website_domain": null,
            "website_endpoint": null
          },
          "sensitive_attributes": [],
          "identity_schema_version": 0,
          "identity": {
            "account_id": "682919447506",
            "bucket": "creator-dev-682919447506",
            "region": "eu-west-3"
          },
          "private": "eyJlMmJmYjczMC1lY2FhLTExZTYtOGY4OC0zNDM2M2JjN2M0YzAiOnsiY3JlYXRlIjoxMjAwMDAwMDAwMDAwLCJkZWxldGUiOjM2MDAwMDAwMDAwMDAsInJlYWQiOjEyMDAwMDAwMDAwMDAsInVwZGF0ZSI6MTIwMDAwMDAwMDAwMH19",
          "dependencies": [
            "module.storage.data.aws_caller_identity.current"
          ]
        }
      ]
    },
    {
      "module": "module.storage",
      "mode": "managed",
      "type": "aws_s3_bucket_lifecycle_configuration",
      "name": "this",
      "provider": "provider[\"registry.terraform.io/hashicorp/aws\"]",
      "instances": [
        {
          "schema_version": 1,
          "attributes": {
            "bucket": "creator-dev-682919447506",
            "expected_bucket_owner": "",
            "id": "creator-dev-682919447506",
            "region": "eu-west-3",
            "rule": [
              {
                "abort_incomplete_multipart_upload": [],
                "expiration": [],
                "filter": [
                  {
                    "and": [],
                    "object_size_greater_than": null,
                    "object_size_less_than": null,
                    "prefix": "",
                    "tag": []
                  }
                ],
                "id": "expire-old-versions",
                "noncurrent_version_expiration": [
                  {
                    "newer_noncurrent_versions": null,
                    "noncurrent_days": 30
                  }
                ],
                "noncurrent_version_transition": [],
                "prefix": "",
                "status": "Enabled",
                "transition": []
              }
            ],
            "timeouts": null,
            "transition_default_minimum_object_size": "all_storage_classes_128K"
          },
          "sensitive_attributes": [],
          "identity_schema_version": 0,
          "dependencies": [
            "module.storage.aws_s3_bucket.media",
            "module.storage.data.aws_caller_identity.current"
          ]
        }
      ]
    },
    {
      "module": "module.storage",
      "mode": "managed",
      "type": "aws_s3_bucket_policy",
      "name": "enforce_sse",
      "provider": "provider[\"registry.terraform.io/hashicorp/aws\"]",
      "instances": [
        {
          "schema_version": 0,
          "attributes": {
            "bucket": "creator-dev-682919447506",
            "id": "creator-dev-682919447506",
            "policy": "{\"Statement\":[{\"Action\":\"s3:PutObject\",\"Condition\":{\"StringNotEquals\":{\"s3:x-amz-server-side-encryption\":\"aws:kms\"}},\"Effect\":\"Deny\",\"Principal\":\"*\",\"Resource\":\"arn:aws:s3:::creator-dev-682919447506/*\",\"Sid\":\"DenyUnEncryptedObjectUploads\"}],\"Version\":\"2012-10-17\"}",
            "region": "eu-west-3"
          },
          "sensitive_attributes": [],
          "identity_schema_version": 0,
          "identity": {
            "account_id": "682919447506",
            "bucket": "creator-dev-682919447506",
            "region": "eu-west-3"
          },
          "private": "bnVsbA==",
          "dependencies": [
            "module.storage.aws_s3_bucket.media",
            "module.storage.data.aws_caller_identity.current"
          ]
        }
      ]
    },
    {
      "module": "module.storage",
      "mode": "managed",
      "type": "aws_s3_bucket_public_access_block",
      "name": "this",
      "provider": "provider[\"registry.terraform.io/hashicorp/aws\"]",
      "instances": [
        {
          "schema_version": 0,
          "attributes": {
            "block_public_acls": true,
            "block_public_policy": true,
            "bucket": "creator-dev-682919447506",
            "id": "creator-dev-682919447506",
            "ignore_public_acls": true,
            "region": "eu-west-3",
            "restrict_public_buckets": true,
            "skip_destroy": null
          },
          "sensitive_attributes": [],
          "identity_schema_version": 0,
          "identity": {
            "account_id": "682919447506",
            "bucket": "creator-dev-682919447506",
            "region": "eu-west-3"
          },
          "private": "bnVsbA==",
          "dependencies": [
            "module.storage.aws_s3_bucket.media",
            "module.storage.data.aws_caller_identity.current"
          ]
        }
      ]
    },
    {
      "module": "module.storage",
      "mode": "managed",
      "type": "aws_s3_bucket_server_side_encryption_configuration",
      "name": "this",
      "provider": "provider[\"registry.terraform.io/hashicorp/aws\"]",
      "instances": [
        {
          "index_key": 0,
          "schema_version": 0,
          "attributes": {
            "bucket": "creator-dev-682919447506",
            "expected_bucket_owner": "",
            "id": "creator-dev-682919447506",
            "region": "eu-west-3",
            "rule": [
              {
                "apply_server_side_encryption_by_default": [
                  {
                    "kms_master_key_id": "arn:aws:kms:eu-west-3:682919447506:key/a261b87e-fde0-4be8-85b5-b78147b920c5",
                    "sse_algorithm": "aws:kms"
                  }
                ],
                "bucket_key_enabled": false
              }
            ]
          },
          "sensitive_attributes": [],
          "identity_schema_version": 0,
          "identity": {
            "account_id": "682919447506",
            "bucket": "creator-dev-682919447506",
            "expected_bucket_owner": null,
            "region": "eu-west-3"
          },
          "private": "bnVsbA==",
          "dependencies": [
            "module.storage.aws_kms_key.s3",
            "module.storage.aws_s3_bucket.media",
            "module.storage.data.aws_caller_identity.current",
            "module.storage.data.aws_kms_alias.existing"
          ]
        }
      ]
    },
    {
      "module": "module.storage",
      "mode": "managed",
      "type": "aws_s3_bucket_versioning",
      "name": "this",
      "provider": "provider[\"registry.terraform.io/hashicorp/aws\"]",
      "instances": [
        {
          "schema_version": 0,
          "attributes": {
            "bucket": "creator-dev-682919447506",
            "expected_bucket_owner": "",
            "id": "creator-dev-682919447506",
            "mfa": null,
            "region": "eu-west-3",
            "versioning_configuration": [
              {
                "mfa_delete": "",
                "status": "Enabled"
              }
            ]
          },
          "sensitive_attributes": [],
          "identity_schema_version": 0,
          "identity": {
            "account_id": "682919447506",
            "bucket": "creator-dev-682919447506",
            "expected_bucket_owner": null,
            "region": "eu-west-3"
          },
          "private": "bnVsbA==",
          "dependencies": [
            "module.storage.aws_s3_bucket.media",
            "module.storage.data.aws_caller_identity.current"
          ]
        }
      ]
    }
  ],
  "check_results": null
}
